
Microsoft Visual Studio Solution File, Format Version 12.00
# Visual Studio 15
VisualStudioVersion = 15.0.28307.168
MinimumVisualStudioVersion = 10.0.40219.1
Project("{FAE04EC0-301F-11D3-BF4B-00C04F79EFBC}") = "ProjectWebIV_Backend", "ProjectWebIV_Backend\ProjectWebIV_Backend.csproj", "{11F10123-88F7-43DD-B111-B90511DDC235}"
EndProject
Global
	GlobalSection(SolutionConfigurationPlatforms) = preSolution
		Debug|Any CPU = Debug|Any CPU
		Release|Any CPU = Release|Any CPU
	EndGlobalSection
	GlobalSection(ProjectConfigurationPlatforms) = postSolution
		{11F10123-88F7-43DD-B111-B90511DDC235}.Debug|Any CPU.ActiveCfg = Debug|Any CPU
		{11F10123-88F7-43DD-B111-B90511DDC235}.Debug|Any CPU.Build.0 = Debug|Any CPU
		{11F10123-88F7-43DD-B111-B90511DDC235}.Release|Any CPU.ActiveCfg = Release|Any CPU
		{11F10123-88F7-43DD-B111-B90511DDC235}.Release|Any CPU.Build.0 = Release|Any CPU
	EndGlobalSection
	GlobalSection(SolutionProperties) = preSolution
		HideSolutionNode = FALSE
	EndGlobalSection
	GlobalSection(ExtensibilityGlobals) = postSolution
		SolutionGuid = {EDDCDE12-1880-4528-9C31-A144A13B0616}
	EndGlobalSection
EndGlobal
